
Microsoft Visual Studio Solution File, Format Version 12.00
# Visual Studio Version 16
VisualStudioVersion = 16.0.30611.23
MinimumVisualStudioVersion = 10.0.40219.1
Project("{FAE04EC0-301F-11D3-BF4B-00C04F79EFBC}") = "Bare_Bones_Data_Collection_App", "Bare_Bones_Data_Collection_App.csproj", "{70016D23-46F8-499B-B659-26EE37B8280E}"
EndProject
Global
	GlobalSection(SolutionConfigurationPlatforms) = preSolution
		Debug|Any CPU = Debug|Any CPU
		Release|Any CPU = Release|Any CPU
	EndGlobalSection
	GlobalSection(ProjectConfigurationPlatforms) = postSolution
		{70016D23-46F8-499B-B659-26EE37B8280E}.Debug|Any CPU.ActiveCfg = Debug|Any CPU
		{70016D23-46F8-499B-B659-26EE37B8280E}.Debug|Any CPU.Build.0 = Debug|Any CPU
		{70016D23-46F8-499B-B659-26EE37B8280E}.Release|Any CPU.ActiveCfg = Release|Any CPU
		{70016D23-46F8-499B-B659-26EE37B8280E}.Release|Any CPU.Build.0 = Release|Any CPU
	EndGlobalSection
	GlobalSection(SolutionProperties) = preSolution
		HideSolutionNode = FALSE
	EndGlobalSection
	GlobalSection(ExtensibilityGlobals) = postSolution
		SolutionGuid = {C561CEAF-2EFA-4AEF-A57F-1E58E84EC238}
	EndGlobalSection
EndGlobal
